
Microsoft Visual Studio Solution File, Format Version 12.00
# Visual Studio 15
VisualStudioVersion = 15.0.28010.0
MinimumVisualStudioVersion = 10.0.40219.1
Project("{FAE04EC0-301F-11D3-BF4B-00C04F79EFBC}") = "OpenEhrRestApiTest", "OpenEhrRestApiTest\OpenEhrRestApiTest.csproj", "{32ABFCB8-16EB-49A6-AFBA-F5B0B5571D63}"
EndProject
Global
	GlobalSection(SolutionConfigurationPlatforms) = preSolution
		Debug|Any CPU = Debug|Any CPU
		Release|Any CPU = Release|Any CPU
	EndGlobalSection
	GlobalSection(ProjectConfigurationPlatforms) = postSolution
		{32ABFCB8-16EB-49A6-AFBA-F5B0B5571D63}.Debug|Any CPU.ActiveCfg = Debug|Any CPU
		{32ABFCB8-16EB-49A6-AFBA-F5B0B5571D63}.Debug|Any CPU.Build.0 = Debug|Any CPU
		{32ABFCB8-16EB-49A6-AFBA-F5B0B5571D63}.Release|Any CPU.ActiveCfg = Release|Any CPU
		{32ABFCB8-16EB-49A6-AFBA-F5B0B5571D63}.Release|Any CPU.Build.0 = Release|Any CPU
	EndGlobalSection
	GlobalSection(SolutionProperties) = preSolution
		HideSolutionNode = FALSE
	EndGlobalSection
	GlobalSection(ExtensibilityGlobals) = postSolution
		SolutionGuid = {EFB71F91-E6F9-4594-85C5-E8FDDD65D50F}
	EndGlobalSection
EndGlobal
